
Microsoft Visual Studio Solution File, Format Version 12.00
# Visual Studio Version 17
VisualStudioVersion = 17.10.35122.118
MinimumVisualStudioVersion = 10.0.40219.1
Project("{FAE04EC0-301F-11D3-BF4B-00C04F79EFBC}") = "WebApplication2", "WebApplication2.csproj", "{CAFDD040-1B5A-4923-A5FC-44C0B006794D}"
EndProject
Global
	GlobalSection(SolutionConfigurationPlatforms) = preSolution
		Debug|Any CPU = Debug|Any CPU
		Release|Any CPU = Release|Any CPU
	EndGlobalSection
	GlobalSection(ProjectConfigurationPlatforms) = postSolution
		{CAFDD040-1B5A-4923-A5FC-44C0B006794D}.Debug|Any CPU.ActiveCfg = Debug|Any CPU
		{CAFDD040-1B5A-4923-A5FC-44C0B006794D}.Debug|Any CPU.Build.0 = Debug|Any CPU
		{CAFDD040-1B5A-4923-A5FC-44C0B006794D}.Release|Any CPU.ActiveCfg = Release|Any CPU
		{CAFDD040-1B5A-4923-A5FC-44C0B006794D}.Release|Any CPU.Build.0 = Release|Any CPU
	EndGlobalSection
	GlobalSection(SolutionProperties) = preSolution
		HideSolutionNode = FALSE
	EndGlobalSection
	GlobalSection(ExtensibilityGlobals) = postSolution
		SolutionGuid = {0B3BB233-6556-452F-B1B2-20D08CC7A4D9}
	EndGlobalSection
EndGlobal
